
Microsoft Visual Studio Solution File, Format Version 12.00
# Visual Studio Version 17
VisualStudioVersion = 17.7.34024.191
MinimumVisualStudioVersion = 10.0.40219.1
Project("{FAE04EC0-301F-11D3-BF4B-00C04F79EFBC}") = "WindowsAutoLockUnlock", "WindowsAutoLockUnlock.csproj", "{8A7E57A4-CD15-4A76-A2E5-6B12B4B22267}"
EndProject
Global
	GlobalSection(SolutionConfigurationPlatforms) = preSolution
		Debug|Any CPU = Debug|Any CPU
		Release|Any CPU = Release|Any CPU
	EndGlobalSection
	GlobalSection(ProjectConfigurationPlatforms) = postSolution
		{8A7E57A4-CD15-4A76-A2E5-6B12B4B22267}.Debug|Any CPU.ActiveCfg = Debug|Any CPU
		{8A7E57A4-CD15-4A76-A2E5-6B12B4B22267}.Debug|Any CPU.Build.0 = Debug|Any CPU
		{8A7E57A4-CD15-4A76-A2E5-6B12B4B22267}.Release|Any CPU.ActiveCfg = Release|Any CPU
		{8A7E57A4-CD15-4A76-A2E5-6B12B4B22267}.Release|Any CPU.Build.0 = Release|Any CPU
	EndGlobalSection
	GlobalSection(SolutionProperties) = preSolution
		HideSolutionNode = FALSE
	EndGlobalSection
	GlobalSection(ExtensibilityGlobals) = postSolution
		SolutionGuid = {CFA5179D-8C44-40E4-B6B1-64DE6970C246}
	EndGlobalSection
EndGlobal
